
Microsoft Visual Studio Solution File, Format Version 11.00
# Visual Studio 2010
Project("{FAE04EC0-301F-11D3-BF4B-00C04F79EFBC}") = "Assembly-CSharp", "Assembly-CSharp.csproj", "{4980d477-bf96-226d-c3b6-9a16510311c3}"
EndProject
Project("{FAE04EC0-301F-11D3-BF4B-00C04F79EFBC}") = "Assembly-CSharp-Editor", "Assembly-CSharp-Editor.csproj", "{09700db6-60c2-1470-89cc-503f18f7cd87}"
EndProject
Global
	GlobalSection(SolutionConfigurationPlatforms) = preSolution
		Debug|Any CPU = Debug|Any CPU
	EndGlobalSection
	GlobalSection(ProjectConfigurationPlatforms) = postSolution
		{4980d477-bf96-226d-c3b6-9a16510311c3}.Debug|Any CPU.ActiveCfg = Debug|Any CPU
		{4980d477-bf96-226d-c3b6-9a16510311c3}.Debug|Any CPU.Build.0 = Debug|Any CPU
		{09700db6-60c2-1470-89cc-503f18f7cd87}.Debug|Any CPU.ActiveCfg = Debug|Any CPU
		{09700db6-60c2-1470-89cc-503f18f7cd87}.Debug|Any CPU.Build.0 = Debug|Any CPU
	EndGlobalSection
	GlobalSection(SolutionProperties) = preSolution
		HideSolutionNode = FALSE
	EndGlobalSection
EndGlobal
